
Microsoft Visual Studio Solution File, Format Version 12.00
# Visual Studio 2012
Project("{FAE04EC0-301F-11D3-BF4B-00C04F79EFBC}") = "HelloWorld", "HelloWorld\HelloWorld.csproj", "{CDA97401-0F64-472C-8AA7-C77F40FA20B0}"
EndProject
Project("{FAE04EC0-301F-11D3-BF4B-00C04F79EFBC}") = "HelloWorld.tests", "HelloWorld.tests\HelloWorld.tests.csproj", "{5C9CBA00-F544-4F84-A311-B1BDFF5CFE19}"
EndProject
Global
	GlobalSection(SolutionConfigurationPlatforms) = preSolution
		Debug|Any CPU = Debug|Any CPU
		Release|Any CPU = Release|Any CPU
	EndGlobalSection
	GlobalSection(ProjectConfigurationPlatforms) = postSolution
		{CDA97401-0F64-472C-8AA7-C77F40FA20B0}.Debug|Any CPU.ActiveCfg = Debug|Any CPU
		{CDA97401-0F64-472C-8AA7-C77F40FA20B0}.Debug|Any CPU.Build.0 = Debug|Any CPU
		{CDA97401-0F64-472C-8AA7-C77F40FA20B0}.Release|Any CPU.ActiveCfg = Release|Any CPU
		{CDA97401-0F64-472C-8AA7-C77F40FA20B0}.Release|Any CPU.Build.0 = Release|Any CPU
		{5C9CBA00-F544-4F84-A311-B1BDFF5CFE19}.Debug|Any CPU.ActiveCfg = Debug|Any CPU
		{5C9CBA00-F544-4F84-A311-B1BDFF5CFE19}.Debug|Any CPU.Build.0 = Debug|Any CPU
		{5C9CBA00-F544-4F84-A311-B1BDFF5CFE19}.Release|Any CPU.ActiveCfg = Release|Any CPU
		{5C9CBA00-F544-4F84-A311-B1BDFF5CFE19}.Release|Any CPU.Build.0 = Release|Any CPU
	EndGlobalSection
	GlobalSection(SolutionProperties) = preSolution
		HideSolutionNode = FALSE
	EndGlobalSection
EndGlobal
