
Microsoft Visual Studio Solution File, Format Version 12.00
# Visual Studio 2012
Project("{FAE04EC0-301F-11D3-BF4B-00C04F79EFBC}") = "FizzBuzz1", "FizzBuzz1\FizzBuzz1.csproj", "{A0BF2488-2330-4D79-9E04-8C9758C2DD8A}"
EndProject
Global
	GlobalSection(SolutionConfigurationPlatforms) = preSolution
		Debug|Any CPU = Debug|Any CPU
		Release|Any CPU = Release|Any CPU
	EndGlobalSection
	GlobalSection(ProjectConfigurationPlatforms) = postSolution
		{A0BF2488-2330-4D79-9E04-8C9758C2DD8A}.Debug|Any CPU.ActiveCfg = Debug|Any CPU
		{A0BF2488-2330-4D79-9E04-8C9758C2DD8A}.Debug|Any CPU.Build.0 = Debug|Any CPU
		{A0BF2488-2330-4D79-9E04-8C9758C2DD8A}.Release|Any CPU.ActiveCfg = Release|Any CPU
		{A0BF2488-2330-4D79-9E04-8C9758C2DD8A}.Release|Any CPU.Build.0 = Release|Any CPU
	EndGlobalSection
	GlobalSection(SolutionProperties) = preSolution
		HideSolutionNode = FALSE
	EndGlobalSection
EndGlobal
