
Microsoft Visual Studio Solution File, Format Version 12.00
# Visual Studio 2012
Project("{FAE04EC0-301F-11D3-BF4B-00C04F79EFBC}") = "FizzBuzzExample", "Session8 - Lab\FizzBuzzExample.csproj", "{4AF084C3-2E1D-45EF-8715-74C03747AC3D}"
EndProject
Project("{FAE04EC0-301F-11D3-BF4B-00C04F79EFBC}") = "FizzBuzzExampleTests", "FizzBuzzTests\FizzBuzzExampleTests.csproj", "{49D73BA5-0BB0-4F1F-A461-B095E31AC4D8}"
EndProject
Global
	GlobalSection(SolutionConfigurationPlatforms) = preSolution
		Debug|Any CPU = Debug|Any CPU
		Release|Any CPU = Release|Any CPU
	EndGlobalSection
	GlobalSection(ProjectConfigurationPlatforms) = postSolution
		{4AF084C3-2E1D-45EF-8715-74C03747AC3D}.Debug|Any CPU.ActiveCfg = Debug|Any CPU
		{4AF084C3-2E1D-45EF-8715-74C03747AC3D}.Debug|Any CPU.Build.0 = Debug|Any CPU
		{4AF084C3-2E1D-45EF-8715-74C03747AC3D}.Release|Any CPU.ActiveCfg = Release|Any CPU
		{4AF084C3-2E1D-45EF-8715-74C03747AC3D}.Release|Any CPU.Build.0 = Release|Any CPU
		{49D73BA5-0BB0-4F1F-A461-B095E31AC4D8}.Debug|Any CPU.ActiveCfg = Debug|Any CPU
		{49D73BA5-0BB0-4F1F-A461-B095E31AC4D8}.Debug|Any CPU.Build.0 = Debug|Any CPU
		{49D73BA5-0BB0-4F1F-A461-B095E31AC4D8}.Release|Any CPU.ActiveCfg = Release|Any CPU
		{49D73BA5-0BB0-4F1F-A461-B095E31AC4D8}.Release|Any CPU.Build.0 = Release|Any CPU
	EndGlobalSection
	GlobalSection(SolutionProperties) = preSolution
		HideSolutionNode = FALSE
	EndGlobalSection
EndGlobal
