
Microsoft Visual Studio Solution File, Format Version 12.00
# Visual Studio 2012
Project("{FAE04EC0-301F-11D3-BF4B-00C04F79EFBC}") = "Homework 1 Solution", "Homework 1 Solution\Homework 1 Solution.csproj", "{0892219F-C9D3-417B-B0CD-C94D80639F64}"
EndProject
Global
	GlobalSection(SolutionConfigurationPlatforms) = preSolution
		Debug|Any CPU = Debug|Any CPU
		Release|Any CPU = Release|Any CPU
	EndGlobalSection
	GlobalSection(ProjectConfigurationPlatforms) = postSolution
		{0892219F-C9D3-417B-B0CD-C94D80639F64}.Debug|Any CPU.ActiveCfg = Debug|Any CPU
		{0892219F-C9D3-417B-B0CD-C94D80639F64}.Debug|Any CPU.Build.0 = Debug|Any CPU
		{0892219F-C9D3-417B-B0CD-C94D80639F64}.Release|Any CPU.ActiveCfg = Release|Any CPU
		{0892219F-C9D3-417B-B0CD-C94D80639F64}.Release|Any CPU.Build.0 = Release|Any CPU
	EndGlobalSection
	GlobalSection(SolutionProperties) = preSolution
		HideSolutionNode = FALSE
	EndGlobalSection
EndGlobal
