
Microsoft Visual Studio Solution File, Format Version 12.00
# Visual Studio 2012
Project("{FAE04EC0-301F-11D3-BF4B-00C04F79EFBC}") = "FizzBuzz_v2", "FizzBuzz_v2\FizzBuzz_v2.csproj", "{3FCAA866-5DF4-404A-B85A-B880D578E65F}"
EndProject
Project("{FAE04EC0-301F-11D3-BF4B-00C04F79EFBC}") = "FizzBuzzTest", "FizzBuzzTest\FizzBuzzTest.csproj", "{118E5B4D-4E1E-4B12-8D01-8AB5E5D863C0}"
EndProject
Global
	GlobalSection(SolutionConfigurationPlatforms) = preSolution
		Debug|Any CPU = Debug|Any CPU
		Release|Any CPU = Release|Any CPU
	EndGlobalSection
	GlobalSection(ProjectConfigurationPlatforms) = postSolution
		{3FCAA866-5DF4-404A-B85A-B880D578E65F}.Debug|Any CPU.ActiveCfg = Debug|Any CPU
		{3FCAA866-5DF4-404A-B85A-B880D578E65F}.Debug|Any CPU.Build.0 = Debug|Any CPU
		{3FCAA866-5DF4-404A-B85A-B880D578E65F}.Release|Any CPU.ActiveCfg = Release|Any CPU
		{3FCAA866-5DF4-404A-B85A-B880D578E65F}.Release|Any CPU.Build.0 = Release|Any CPU
		{118E5B4D-4E1E-4B12-8D01-8AB5E5D863C0}.Debug|Any CPU.ActiveCfg = Debug|Any CPU
		{118E5B4D-4E1E-4B12-8D01-8AB5E5D863C0}.Debug|Any CPU.Build.0 = Debug|Any CPU
		{118E5B4D-4E1E-4B12-8D01-8AB5E5D863C0}.Release|Any CPU.ActiveCfg = Release|Any CPU
		{118E5B4D-4E1E-4B12-8D01-8AB5E5D863C0}.Release|Any CPU.Build.0 = Release|Any CPU
	EndGlobalSection
	GlobalSection(SolutionProperties) = preSolution
		HideSolutionNode = FALSE
	EndGlobalSection
EndGlobal
