
Microsoft Visual Studio Solution File, Format Version 12.00
# Visual Studio 2012
Project("{FAE04EC0-301F-11D3-BF4B-00C04F79EFBC}") = "FizzBuzzBim", "..\ed.shih_homework07\FizzBuzz_2\FizzBuzz_2\FizzBuzzBim.csproj", "{A04A6409-D2F3-4207-BA0B-7E770F9BE05B}"
EndProject
Global
	GlobalSection(SolutionConfigurationPlatforms) = preSolution
		Debug|Any CPU = Debug|Any CPU
		Release|Any CPU = Release|Any CPU
	EndGlobalSection
	GlobalSection(ProjectConfigurationPlatforms) = postSolution
		{A04A6409-D2F3-4207-BA0B-7E770F9BE05B}.Debug|Any CPU.ActiveCfg = Debug|Any CPU
		{A04A6409-D2F3-4207-BA0B-7E770F9BE05B}.Debug|Any CPU.Build.0 = Debug|Any CPU
		{A04A6409-D2F3-4207-BA0B-7E770F9BE05B}.Release|Any CPU.ActiveCfg = Release|Any CPU
		{A04A6409-D2F3-4207-BA0B-7E770F9BE05B}.Release|Any CPU.Build.0 = Release|Any CPU
	EndGlobalSection
	GlobalSection(SolutionProperties) = preSolution
		HideSolutionNode = FALSE
	EndGlobalSection
EndGlobal
